
Microsoft Visual Studio Solution File, Format Version 12.00
# Visual Studio Version 17
VisualStudioVersion = 17.2.32526.322
MinimumVisualStudioVersion = 10.0.40219.1
Project("{FAE04EC0-301F-11D3-BF4B-00C04F79EFBC}") = "StudentManagement", "StudentManagement\StudentManagement.csproj", "{A47DAD04-3046-4567-9D05-6BE1FB3D2992}"
EndProject
Global
	GlobalSection(SolutionConfigurationPlatforms) = preSolution
		Debug|Any CPU = Debug|Any CPU
		Release|Any CPU = Release|Any CPU
	EndGlobalSection
	GlobalSection(ProjectConfigurationPlatforms) = postSolution
		{A47DAD04-3046-4567-9D05-6BE1FB3D2992}.Debug|Any CPU.ActiveCfg = Debug|Any CPU
		{A47DAD04-3046-4567-9D05-6BE1FB3D2992}.Debug|Any CPU.Build.0 = Debug|Any CPU
		{A47DAD04-3046-4567-9D05-6BE1FB3D2992}.Release|Any CPU.ActiveCfg = Release|Any CPU
		{A47DAD04-3046-4567-9D05-6BE1FB3D2992}.Release|Any CPU.Build.0 = Release|Any CPU
	EndGlobalSection
	GlobalSection(SolutionProperties) = preSolution
		HideSolutionNode = FALSE
	EndGlobalSection
	GlobalSection(ExtensibilityGlobals) = postSolution
		SolutionGuid = {7607B425-2FCA-4FFB-84BD-4E882C28D4BA}
	EndGlobalSection
EndGlobal
